{
  "name": "predwell",
  "lockfileVersion": 3,
  "requires": true,
  "packages": {
    "": {
      "name": "predwell",
      "dependencies": {
        "@eurobase/sdk": "^0.4.0"
      }
    },
    "node_modules/@eurobase/sdk": {
      "version": "0.4.0",
      "resolved": "https://registry.npmjs.org/@eurobase/sdk/-/sdk-0.4.0.tgz",
      "integrity": "sha512-K+4oeI8vkjBv6bqjdAYE+BXyK/sA5FDipoeM0uYYKvQJu9vovhQJSSZ8JP3poa5dfOZ9LxZaYTB6SD9EFK1dCw==",
      "license": "MIT",
      "engines": {
        "node": ">=18"
      }
    }
  }
}
